
Microsoft Visual Studio Solution File, Format Version 12.00
# Visual Studio Version 17
VisualStudioVersion = 17.14.36127.28 d17.14
MinimumVisualStudioVersion = 10.0.40219.1
Project("{FAE04EC0-301F-11D3-BF4B-00C04F79EFBC}") = "TAProgramme", "TAProgramme.csproj", "{5DB0D4AC-CE35-47A6-A61F-BBA2271F2C5E}"
EndProject
Global
	GlobalSection(SolutionConfigurationPlatforms) = preSolution
		Debug|Any CPU = Debug|Any CPU
		Release|Any CPU = Release|Any CPU
	EndGlobalSection
	GlobalSection(ProjectConfigurationPlatforms) = postSolution
		{5DB0D4AC-CE35-47A6-A61F-BBA2271F2C5E}.Debug|Any CPU.ActiveCfg = Debug|Any CPU
		{5DB0D4AC-CE35-47A6-A61F-BBA2271F2C5E}.Debug|Any CPU.Build.0 = Debug|Any CPU
		{5DB0D4AC-CE35-47A6-A61F-BBA2271F2C5E}.Release|Any CPU.ActiveCfg = Release|Any CPU
		{5DB0D4AC-CE35-47A6-A61F-BBA2271F2C5E}.Release|Any CPU.Build.0 = Release|Any CPU
	EndGlobalSection
	GlobalSection(SolutionProperties) = preSolution
		HideSolutionNode = FALSE
	EndGlobalSection
	GlobalSection(ExtensibilityGlobals) = postSolution
		SolutionGuid = {74BD7F14-E657-4344-83CA-7C95B7079C02}
	EndGlobalSection
EndGlobal
